// !$*UTF8*$!
{
	archiveVersion = 1;
	classes = {
	};
	objectVersion = 46;
	objects = {

/* Begin PBXBuildFile section */
		8427B6DC1A39B01E0003C93C /* main.m in Sources */ = {isa = PBXBuildFile; fileRef = 8427B6DB1A39B01E0003C93C /* main.m */; };
		8427B6DF1A39B01E0003C93C /* AppDelegate.m in Sources */ = {isa = PBXBuildFile; fileRef = 8427B6DE1A39B01E0003C93C /* AppDelegate.m */; };
		8427B6E21A39B01E0003C93C /* MasterViewController.m in Sources */ = {isa = PBXBuildFile; fileRef = 8427B6E11A39B01E0003C93C /* MasterViewController.m */; };
		8427B6E51A39B01E0003C93C /* DetailViewController.m in Sources */ = {isa = PBXBuildFile; fileRef = 8427B6E41A39B01E0003C93C /* DetailViewController.m */; };
		8427B6E81A39B01E0003C93C /* Main.storyboard in Resources */ = {isa = PBXBuildFile; fileRef = 8427B6E61A39B01E0003C93C /* Main.storyboard */; };
		8427B6EA1A39B01E0003C93C /* Images.xcassets in Resources */ = {isa = PBXBuildFile; fileRef = 8427B6E91A39B01E0003C93C /* Images.xcassets */; };
		8427B6ED1A39B01E0003C93C /* LaunchScreen.xib in Resources */ = {isa = PBXBuildFile; fileRef = 8427B6EB1A39B01E0003C93C /* LaunchScreen.xib */; };
		8427B6F91A39B01E0003C93C /* iOSTestingTests.m in Sources */ = {isa = PBXBuildFile; fileRef = 8427B6F81A39B01E0003C93C /* iOSTestingTests.m */; };
/* End PBXBuildFile section */

/* Begin PBXContainerItemProxy section */
		8427B6F31A39B01E0003C93C /* PBXContainerItemProxy */ = {
			isa = PBXContainerItemProxy;
			containerPortal = 8427B6CE1A39B01E0003C93C /* Project object */;
			proxyType = 1;
			remoteGlobalIDString = 8427B6D51A39B01E0003C93C;
			remoteInfo = iOSTesting;
		};
/* End PBXContainerItemProxy section */

/* Begin PBXFileReference section */
		8427B6D61A39B01E0003C93C /* iOSTesting.app */ = {isa = PBXFileReference; explicitFileType = wrapper.application; includeInIndex = 0; path = iOSTesting.app; sourceTree = BUILT_PRODUCTS_DIR; };
		8427B6DA1A39B01E0003C93C /* Info.plist */ = {isa = PBXFileReference; lastKnownFileType = text.plist.xml; path = Info.plist; sourceTree = "<group>"; };
		8427B6DB1A39B01E0003C93C /* main.m */ = {isa = PBXFileReference; lastKnownFileType = sourcecode.c.objc; path = main.m; sourceTree = "<group>"; };
		8427B6DD1A39B01E0003C93C /* AppDelegate.h */ = {isa = PBXFileReference; lastKnownFileType = sourcecode.c.h; path = AppDelegate.h; sourceTree = "<group>"; };
		8427B6DE1A39B01E0003C93C /* AppDelegate.m */ = {isa = PBXFileReference; lastKnownFileType = sourcecode.c.objc; path = AppDelegate.m; sourceTree = "<group>"; };
		8427B6E01A39B01E0003C93C /* MasterViewController.h */ = {isa = PBXFileReference; lastKnownFileType = sourcecode.c.h; path = MasterViewController.h; sourceTree = "<group>"; };
		8427B6E11A39B01E0003C93C /* MasterViewController.m */ = {isa = PBXFileReference; lastKnownFileType = sourcecode.c.objc; path = MasterViewController.m; sourceTree = "<group>"; };
		8427B6E31A39B01E0003C93C /* DetailViewController.h */ = {isa = PBXFileReference; lastKnownFileType = sourcecode.c.h; path = DetailViewController.h; sourceTree = "<group>"; };
		8427B6E41A39B01E0003C93C /* DetailViewController.m */ = {isa = PBXFileReference; lastKnownFileType = sourcecode.c.objc; path = DetailViewController.m; sourceTree = "<group>"; };
		8427B6E71A39B01E0003C93C /* Base */ = {isa = PBXFileReference; lastKnownFileType = file.storyboard; name = Base; path = Base.lproj/Main.storyboard; sourceTree = "<group>"; };
		8427B6E91A39B01E0003C93C /* Images.xcassets */ = {isa = PBXFileReference; lastKnownFileType = folder.assetcatalog; path = Images.xcassets; sourceTree = "<group>"; };
		8427B6EC1A39B01E0003C93C /* Base */ = {isa = PBXFileReference; lastKnownFileType = file.xib; name = Base; path = Base.lproj/LaunchScreen.xib; sourceTree = "<group>"; };
		8427B6F21A39B01E0003C93C /* iOSTestingTests.xctest */ = {isa = PBXFileReference; explicitFileType = wrapper.cfbundle; includeInIndex = 0; path = iOSTestingTests.xctest; sourceTree = BUILT_PRODUCTS_DIR; };
		8427B6F71A39B01E0003C93C /* Info.plist */ = {isa = PBXFileReference; lastKnownFileType = text.plist.xml; path = Info.plist; sourceTree = "<group>"; };
		8427B6F81A39B01E0003C93C /* iOSTestingTests.m */ = {isa = PBXFileReference; lastKnownFileType = sourcecode.c.objc; path = iOSTestingTests.m; sourceTree = "<group>"; };
/* End PBXFileReference section */

/* Begin PBXFrameworksBuildPhase section */
		8427B6D31A39B01E0003C93C /* Frameworks */ = {
			isa = PBXFrameworksBuildPhase;
			buildActionMask = 2147483647;
			files = (
			);
			runOnlyForDeploymentPostprocessing = 0;
		};
		8427B6EF1A39B01E0003C93C /* Frameworks */ = {
			isa = PBXFrameworksBuildPhase;
			buildActionMask = 2147483647;
			files = (
			);
			runOnlyForDeploymentPostprocessing = 0;
		};
/* End PBXFrameworksBuildPhase section */

/* Begin PBXGroup section */
		8427B6CD1A39B01E0003C93C = {
			isa = PBXGroup;
			children = (
				8427B6D81A39B01E0003C93C /* iOSTesting */,
				8427B6F51A39B01E0003C93C /* iOSTestingTests */,
				8427B6D71A39B01E0003C93C /* Products */,
			);
			sourceTree = "<group>";
		};
		8427B6D71A39B01E0003C93C /* Products */ = {
			isa = PBXGroup;
			children = (
				8427B6D61A39B01E0003C93C /* iOSTesting.app */,
				8427B6F21A39B01E0003C93C /* iOSTestingTests.xctest */,
			);
			name = Products;
			sourceTree = "<group>";
		};
		8427B6D81A39B01E0003C93C /* iOSTesting */ = {
			isa = PBXGroup;
			children = (
				8427B6DD1A39B01E0003C93C /* AppDelegate.h */,
				8427B6DE1A39B01E0003C93C /* AppDelegate.m */,
				8427B6E01A39B01E0003C93C /* MasterViewController.h */,
				8427B6E11A39B01E0003C93C /* MasterViewController.m */,
				8427B6E31A39B01E0003C93C /* DetailViewController.h */,
				8427B6E41A39B01E0003C93C /* DetailViewController.m */,
				8427B6E61A39B01E0003C93C /* Main.storyboard */,
				8427B6E91A39B01E0003C93C /* Images.xcassets */,
				8427B6EB1A39B01E0003C93C /* LaunchScreen.xib */,
				8427B6D91A39B01E0003C93C /* Supporting Files */,
			);
			path = iOSTesting;
			sourceTree = "<group>";
		};
		8427B6D91A39B01E0003C93C /* Supporting Files */ = {
			isa = PBXGroup;
			children = (
				8427B6DA1A39B01E0003C93C /* Info.plist */,
				8427B6DB1A39B01E0003C93C /* main.m */,
			);
			name = "Supporting Files";
			sourceTree = "<group>";
		};
		8427B6F51A39B01E0003C93C /* iOSTestingTests */ = {
			isa = PBXGroup;
			children = (
				8427B6F81A39B01E0003C93C /* iOSTestingTests.m */,
				8427B6F61A39B01E0003C93C /* Supporting Files */,
			);
			path = iOSTestingTests;
			sourceTree = "<group>";
		};
		8427B6F61A39B01E0003C93C /* Supporting Files */ = {
			isa = PBXGroup;
			children = (
				8427B6F71A39B01E0003C93C /* Info.plist */,
			);
			name = "Supporting Files";
			sourceTree = "<group>";
		};
/* End PBXGroup section */

/* Begin PBXNativeTarget section */
		8427B6D51A39B01E0003C93C /* iOSTesting */ = {
			isa = PBXNativeTarget;
			buildConfigurationList = 8427B6FC1A39B01E0003C93C /* Build configuration list for PBXNativeTarget "iOSTesting" */;
			buildPhases = (
				8427B6D21A39B01E0003C93C /* Sources */,
				8427B6D31A39B01E0003C93C /* Frameworks */,
				8427B6D41A39B01E0003C93C /* Resources */,
			);
			buildRules = (
			);
			dependencies = (
			);
			name = iOSTesting;
			productName = iOSTesting;
			productReference = 8427B6D61A39B01E0003C93C /* iOSTesting.app */;
			productType = "com.apple.product-type.application";
		};
		8427B6F11A39B01E0003C93C /* iOSTestingTests */ = {
			isa = PBXNativeTarget;
			buildConfigurationList = 8427B6FF1A39B01E0003C93C /* Build configuration list for PBXNativeTarget "iOSTestingTests" */;
			buildPhases = (
				8427B6EE1A39B01E0003C93C /* Sources */,
				8427B6EF1A39B01E0003C93C /* Frameworks */,
				8427B6F01A39B01E0003C93C /* Resources */,
			);
			buildRules = (
			);
			dependencies = (
				8427B6F41A39B01E0003C93C /* PBXTargetDependency */,
			);
			name = iOSTestingTests;
			productName = iOSTestingTests;
			productReference = 8427B6F21A39B01E0003C93C /* iOSTestingTests.xctest */;
			productType = "com.apple.product-type.bundle.unit-test";
		};
/* End PBXNativeTarget section */

/* Begin PBXProject section */
		8427B6CE1A39B01E0003C93C /* Project object */ = {
			isa = PBXProject;
			attributes = {
				LastUpgradeCheck = 0610;
				ORGANIZATIONNAME = Masrina;
				TargetAttributes = {
					8427B6D51A39B01E0003C93C = {
						CreatedOnToolsVersion = 6.1;
					};
					8427B6F11A39B01E0003C93C = {
						CreatedOnToolsVersion = 6.1;
						TestTargetID = 8427B6D51A39B01E0003C93C;
					};
				};
			};
			buildConfigurationList = 8427B6D11A39B01E0003C93C /* Build configuration list for PBXProject "iOSTesting" */;
			compatibilityVersion = "Xcode 3.2";
			developmentRegion = English;
			hasScannedForEncodings = 0;
			knownRegions = (
				en,
				Base,
			);
			mainGroup = 8427B6CD1A39B01E0003C93C;
			productRefGroup = 8427B6D71A39B01E0003C93C /* Products */;
			projectDirPath = "";
			projectRoot = "";
			targets = (
				8427B6D51A39B01E0003C93C /* iOSTesting */,
				8427B6F11A39B01E0003C93C /* iOSTestingTests */,
			);
		};
/* End PBXProject section */

/* Begin PBXResourcesBuildPhase section */
		8427B6D41A39B01E0003C93C /* Resources */ = {
			isa = PBXResourcesBuildPhase;
			buildActionMask = 2147483647;
			files = (
				8427B6E81A39B01E0003C93C /* Main.storyboard in Resources */,
				8427B6ED1A39B01E0003C93C /* LaunchScreen.xib in Resources */,
				8427B6EA1A39B01E0003C93C /* Images.xcassets in Resources */,
			);
			runOnlyForDeploymentPostprocessing = 0;
		};
		8427B6F01A39B01E0003C93C /* Resources */ = {
			isa = PBXResourcesBuildPhase;
			buildActionMask = 2147483647;
			files = (
			);
			runOnlyForDeploymentPostprocessing = 0;
		};
/* End PBXResourcesBuildPhase section */

/* Begin PBXSourcesBuildPhase section */
		8427B6D21A39B01E0003C93C /* Sources */ = {
			isa = PBXSourcesBuildPhase;
			buildActionMask = 2147483647;
			files = (
				8427B6DF1A39B01E0003C93C /* AppDelegate.m in Sources */,
				8427B6E21A39B01E0003C93C /* MasterViewController.m in Sources */,
				8427B6DC1A39B01E0003C93C /* main.m in Sources */,
				8427B6E51A39B01E0003C93C /* DetailViewController.m in Sources */,
			);
			runOnlyForDeploymentPostprocessing = 0;
		};
		8427B6EE1A39B01E0003C93C /* Sources */ = {
			isa = PBXSourcesBuildPhase;
			buildActionMask = 2147483647;
			files = (
				8427B6F91A39B01E0003C93C /* iOSTestingTests.m in Sources */,
			);
			runOnlyForDeploymentPostprocessing = 0;
		};
/* End PBXSourcesBuildPhase section */

/* Begin PBXTargetDependency section */
		8427B6F41A39B01E0003C93C /* PBXTargetDependency */ = {
			isa = PBXTargetDependency;
			target = 8427B6D51A39B01E0003C93C /* iOSTesting */;
			targetProxy = 8427B6F31A39B01E0003C93C /* PBXContainerItemProxy */;
		};
/* End PBXTargetDependency section */

/* Begin PBXVariantGroup section */
		8427B6E61A39B01E0003C93C /* Main.storyboard */ = {
			isa = PBXVariantGroup;
			children = (
				8427B6E71A39B01E0003C93C /* Base */,
			);
			name = Main.storyboard;
			sourceTree = "<group>";
		};
		8427B6EB1A39B01E0003C93C /* LaunchScreen.xib */ = {
			isa = PBXVariantGroup;
			children = (
				8427B6EC1A39B01E0003C93C /* Base */,
			);
			name = LaunchScreen.xib;
			sourceTree = "<group>";
		};
/* End PBXVariantGroup section */

/* Begin XCBuildConfiguration section */
		8427B6FA1A39B01E0003C93C /* Debug */ = {
			isa = XCBuildConfiguration;
			buildSettings = {
				ALWAYS_SEARCH_USER_PATHS = NO;
				CLANG_CXX_LANGUAGE_STANDARD = "gnu++0x";
				CLANG_CXX_LIBRARY = "libc++";
				CLANG_ENABLE_MODULES = YES;
				CLANG_ENABLE_OBJC_ARC = YES;
				CLANG_WARN_BOOL_CONVERSION = YES;
				CLANG_WARN_CONSTANT_CONVERSION = YES;
				CLANG_WARN_DIRECT_OBJC_ISA_USAGE = YES_ERROR;
				CLANG_WARN_EMPTY_BODY = YES;
				CLANG_WARN_ENUM_CONVERSION = YES;
				CLANG_WARN_INT_CONVERSION = YES;
				CLANG_WARN_OBJC_ROOT_CLASS = YES_ERROR;
				CLANG_WARN_UNREACHABLE_CODE = YES;
				CLANG_WARN__DUPLICATE_METHOD_MATCH = YES;
				"CODE_SIGN_IDENTITY[sdk=iphoneos*]" = "iPhone Developer";
				COPY_PHASE_STRIP = NO;
				ENABLE_STRICT_OBJC_MSGSEND = YES;
				GCC_C_LANGUAGE_STANDARD = gnu99;
				GCC_DYNAMIC_NO_PIC = NO;
				GCC_OPTIMIZATION_LEVEL = 0;
				GCC_PREPROCESSOR_DEFINITIONS = (
					"DEBUG=1",
					"$(inherited)",
				);
				GCC_SYMBOLS_PRIVATE_EXTERN = NO;
				GCC_WARN_64_TO_32_BIT_CONVERSION = YES;
				GCC_WARN_ABOUT_RETURN_TYPE = YES_ERROR;
				GCC_WARN_UNDECLARED_SELECTOR = YES;
				GCC_WARN_UNINITIALIZED_AUTOS = YES_AGGRESSIVE;
				GCC_WARN_UNUSED_FUNCTION = YES;
				GCC_WARN_UNUSED_VARIABLE = YES;
				IPHONEOS_DEPLOYMENT_TARGET = 8.1;
				MTL_ENABLE_DEBUG_INFO = YES;
				ONLY_ACTIVE_ARCH = YES;
				SDKROOT = iphoneos;
				TARGETED_DEVICE_FAMILY = "1,2";
			};
			name = Debug;
		};
		8427B6FB1A39B01E0003C93C /* Release */ = {
			isa = XCBuildConfiguration;
			buildSettings = {
				ALWAYS_SEARCH_USER_PATHS = NO;
				CLANG_CXX_LANGUAGE_STANDARD = "gnu++0x";
				CLANG_CXX_LIBRARY = "libc++";
				CLANG_ENABLE_MODULES = YES;
				CLANG_ENABLE_OBJC_ARC = YES;
				CLANG_WARN_BOOL_CONVERSION = YES;
				CLANG_WARN_CONSTANT_CONVERSION = YES;
				CLANG_WARN_DIRECT_OBJC_ISA_USAGE = YES_ERROR;
				CLANG_WARN_EMPTY_BODY = YES;
				CLANG_WARN_ENUM_CONVERSION = YES;
				CLANG_WARN_INT_CONVERSION = YES;
				CLANG_WARN_OBJC_ROOT_CLASS = YES_ERROR;
				CLANG_WARN_UNREACHABLE_CODE = YES;
				CLANG_WARN__DUPLICATE_METHOD_MATCH = YES;
				"CODE_SIGN_IDENTITY[sdk=iphoneos*]" = "iPhone Developer";
				COPY_PHASE_STRIP = YES;
				ENABLE_NS_ASSERTIONS = NO;
				ENABLE_STRICT_OBJC_MSGSEND = YES;
				GCC_C_LANGUAGE_STANDARD = gnu99;
				GCC_WARN_64_TO_32_BIT_CONVERSION = YES;
				GCC_WARN_ABOUT_RETURN_TYPE = YES_ERROR;
				GCC_WARN_UNDECLARED_SELECTOR = YES;
				GCC_WARN_UNINITIALIZED_AUTOS = YES_AGGRESSIVE;
				GCC_WARN_UNUSED_FUNCTION = YES;
				GCC_WARN_UNUSED_VARIABLE = YES;
				IPHONEOS_DEPLOYMENT_TARGET = 8.1;
				MTL_ENABLE_DEBUG_INFO = NO;
				SDKROOT = iphoneos;
				TARGETED_DEVICE_FAMILY = "1,2";
				VALIDATE_PRODUCT = YES;
			};
			name = Release;
		};
		8427B6FD1A39B01E0003C93C /* Debug */ = {
			isa = XCBuildConfiguration;
			buildSettings = {
				ASSETCATALOG_COMPILER_APPICON_NAME = AppIcon;
				INFOPLIST_FILE = iOSTesting/Info.plist;
				LD_RUNPATH_SEARCH_PATHS = "$(inherited) @executable_path/Frameworks";
				PRODUCT_NAME = "$(TARGET_NAME)";
			};
			name = Debug;
		};
		8427B6FE1A39B01E0003C93C /* Release */ = {
			isa = XCBuildConfiguration;
			buildSettings = {
				ASSETCATALOG_COMPILER_APPICON_NAME = AppIcon;
				INFOPLIST_FILE = iOSTesting/Info.plist;
				LD_RUNPATH_SEARCH_PATHS = "$(inherited) @executable_path/Frameworks";
				PRODUCT_NAME = "$(TARGET_NAME)";
			};
			name = Release;
		};
		8427B7001A39B01E0003C93C /* Debug */ = {
			isa = XCBuildConfiguration;
			buildSettings = {
				BUNDLE_LOADER = "$(TEST_HOST)";
				FRAMEWORK_SEARCH_PATHS = (
					"$(SDKROOT)/Developer/Library/Frameworks",
					"$(inherited)",
				);
				GCC_PREPROCESSOR_DEFINITIONS = (
					"DEBUG=1",
					"$(inherited)",
				);
				INFOPLIST_FILE = iOSTestingTests/Info.plist;
				LD_RUNPATH_SEARCH_PATHS = "$(inherited) @executable_path/Frameworks @loader_path/Frameworks";
				PRODUCT_NAME = "$(TARGET_NAME)";
				TEST_HOST = "$(BUILT_PRODUCTS_DIR)/iOSTesting.app/iOSTesting";
			};
			name = Debug;
		};
		8427B7011A39B01E0003C93C /* Release */ = {
			isa = XCBuildConfiguration;
			buildSettings = {
				BUNDLE_LOADER = "$(TEST_HOST)";
				FRAMEWORK_SEARCH_PATHS = (
					"$(SDKROOT)/Developer/Library/Frameworks",
					"$(inherited)",
				);
				INFOPLIST_FILE = iOSTestingTests/Info.plist;
				LD_RUNPATH_SEARCH_PATHS = "$(inherited) @executable_path/Frameworks @loader_path/Frameworks";
				PRODUCT_NAME = "$(TARGET_NAME)";
				TEST_HOST = "$(BUILT_PRODUCTS_DIR)/iOSTesting.app/iOSTesting";
			};
			name = Release;
		};
/* End XCBuildConfiguration section */

/* Begin XCConfigurationList section */
		8427B6D11A39B01E0003C93C /* Build configuration list for PBXProject "iOSTesting" */ = {
			isa = XCConfigurationList;
			buildConfigurations = (
				8427B6FA1A39B01E0003C93C /* Debug */,
				8427B6FB1A39B01E0003C93C /* Release */,
			);
			defaultConfigurationIsVisible = 0;
			defaultConfigurationName = Release;
		};
		8427B6FC1A39B01E0003C93C /* Build configuration list for PBXNativeTarget "iOSTesting" */ = {
			isa = XCConfigurationList;
			buildConfigurations = (
				8427B6FD1A39B01E0003C93C /* Debug */,
				8427B6FE1A39B01E0003C93C /* Release */,
			);
			defaultConfigurationIsVisible = 0;
		};
		8427B6FF1A39B01E0003C93C /* Build configuration list for PBXNativeTarget "iOSTestingTests" */ = {
			isa = XCConfigurationList;
			buildConfigurations = (
				8427B7001A39B01E0003C93C /* Debug */,
				8427B7011A39B01E0003C93C /* Release */,
			);
			defaultConfigurationIsVisible = 0;
		};
/* End XCConfigurationList section */
	};
	rootObject = 8427B6CE1A39B01E0003C93C /* Project object */;
}
